
Microsoft Visual Studio Solution File, Format Version 12.00
# Visual Studio 15
VisualStudioVersion = 15.0.27703.2000
MinimumVisualStudioVersion = 10.0.40219.1
Project("{FAE04EC0-301F-11D3-BF4B-00C04F79EFBC}") = "Dwk.Api", "Dwk.Api\Dwk.Api.csproj", "{179D3044-174B-49B8-B2B1-8B78D666209D}"
EndProject
Global
	GlobalSection(SolutionConfigurationPlatforms) = preSolution
		Debug|Any CPU = Debug|Any CPU
		Release|Any CPU = Release|Any CPU
	EndGlobalSection
	GlobalSection(ProjectConfigurationPlatforms) = postSolution
		{179D3044-174B-49B8-B2B1-8B78D666209D}.Debug|Any CPU.ActiveCfg = Debug|Any CPU
		{179D3044-174B-49B8-B2B1-8B78D666209D}.Debug|Any CPU.Build.0 = Debug|Any CPU
		{179D3044-174B-49B8-B2B1-8B78D666209D}.Release|Any CPU.ActiveCfg = Release|Any CPU
		{179D3044-174B-49B8-B2B1-8B78D666209D}.Release|Any CPU.Build.0 = Release|Any CPU
	EndGlobalSection
	GlobalSection(SolutionProperties) = preSolution
		HideSolutionNode = FALSE
	EndGlobalSection
	GlobalSection(ExtensibilityGlobals) = postSolution
		SolutionGuid = {221C33F0-551E-4969-826D-6A85CDB44EBB}
	EndGlobalSection
EndGlobal
